
Microsoft Visual Studio Solution File, Format Version 12.00
# Visual Studio Version 16
VisualStudioVersion = 16.0.30517.126
MinimumVisualStudioVersion = 10.0.40219.1
Project("{FAE04EC0-301F-11D3-BF4B-00C04F79EFBC}") = "GUI", "GUI\GUI.csproj", "{4BBB5408-3955-487A-AFF2-49C144EB0CB1}"
EndProject
Project("{FAE04EC0-301F-11D3-BF4B-00C04F79EFBC}") = "DTO", "DTO\DTO.csproj", "{DA231880-3C87-437C-A6E1-34BEA4640AEE}"
EndProject
Project("{FAE04EC0-301F-11D3-BF4B-00C04F79EFBC}") = "BLL", "BLL\BLL.csproj", "{D4BED4E5-A67A-401F-822B-FC7E4521E839}"
EndProject
Project("{FAE04EC0-301F-11D3-BF4B-00C04F79EFBC}") = "DAL", "DAL\DAL.csproj", "{68679076-C188-469B-B681-305599B0507D}"
EndProject
Global
	GlobalSection(SolutionConfigurationPlatforms) = preSolution
		Debug|Any CPU = Debug|Any CPU
		Release|Any CPU = Release|Any CPU
	EndGlobalSection
	GlobalSection(ProjectConfigurationPlatforms) = postSolution
		{4BBB5408-3955-487A-AFF2-49C144EB0CB1}.Debug|Any CPU.ActiveCfg = Debug|Any CPU
		{4BBB5408-3955-487A-AFF2-49C144EB0CB1}.Debug|Any CPU.Build.0 = Debug|Any CPU
		{4BBB5408-3955-487A-AFF2-49C144EB0CB1}.Release|Any CPU.ActiveCfg = Release|Any CPU
		{4BBB5408-3955-487A-AFF2-49C144EB0CB1}.Release|Any CPU.Build.0 = Release|Any CPU
		{DA231880-3C87-437C-A6E1-34BEA4640AEE}.Debug|Any CPU.ActiveCfg = Debug|Any CPU
		{DA231880-3C87-437C-A6E1-34BEA4640AEE}.Debug|Any CPU.Build.0 = Debug|Any CPU
		{DA231880-3C87-437C-A6E1-34BEA4640AEE}.Release|Any CPU.ActiveCfg = Release|Any CPU
		{DA231880-3C87-437C-A6E1-34BEA4640AEE}.Release|Any CPU.Build.0 = Release|Any CPU
		{D4BED4E5-A67A-401F-822B-FC7E4521E839}.Debug|Any CPU.ActiveCfg = Debug|Any CPU
		{D4BED4E5-A67A-401F-822B-FC7E4521E839}.Debug|Any CPU.Build.0 = Debug|Any CPU
		{D4BED4E5-A67A-401F-822B-FC7E4521E839}.Release|Any CPU.ActiveCfg = Release|Any CPU
		{D4BED4E5-A67A-401F-822B-FC7E4521E839}.Release|Any CPU.Build.0 = Release|Any CPU
		{68679076-C188-469B-B681-305599B0507D}.Debug|Any CPU.ActiveCfg = Debug|Any CPU
		{68679076-C188-469B-B681-305599B0507D}.Debug|Any CPU.Build.0 = Debug|Any CPU
		{68679076-C188-469B-B681-305599B0507D}.Release|Any CPU.ActiveCfg = Release|Any CPU
		{68679076-C188-469B-B681-305599B0507D}.Release|Any CPU.Build.0 = Release|Any CPU
	EndGlobalSection
	GlobalSection(SolutionProperties) = preSolution
		HideSolutionNode = FALSE
	EndGlobalSection
	GlobalSection(ExtensibilityGlobals) = postSolution
		SolutionGuid = {F88BDEEA-C247-4818-8B72-9521EF8631E7}
	EndGlobalSection
EndGlobal
